// !$*UTF8*$!
{
	archiveVersion = 1;
	classes = {
	};
	objectVersion = 54;
	objects = {

/* Begin PBXBuildFile section */
		00E356F31AD99517003FC87E /* PantauCovid19Tests.m in Sources */ = {isa = PBXBuildFile; fileRef = 00E356F21AD99517003FC87E /* PantauCovid19Tests.m */; };
		13B07FBC1A68108700A75B9A /* AppDelegate.m in Sources */ = {isa = PBXBuildFile; fileRef = 13B07FB01A68108700A75B9A /* AppDelegate.m */; };
		13B07FBF1A68108700A75B9A /* Images.xcassets in Resources */ = {isa = PBXBuildFile; fileRef = 13B07FB51A68108700A75B9A /* Images.xcassets */; };
		13B07FC11A68108700A75B9A /* main.m in Sources */ = {isa = PBXBuildFile; fileRef = 13B07FB71A68108700A75B9A /* main.m */; };
		81AB9BB82411601600AC10FF /* LaunchScreen.storyboard in Resources */ = {isa = PBXBuildFile; fileRef = 81AB9BB72411601600AC10FF /* LaunchScreen.storyboard */; };
		9A6453A4C3EF4CBA9A0B10AF /* AntDesign.ttf in Resources */ = {isa = PBXBuildFile; fileRef = 3BB88139BA60496C81548F09 /* AntDesign.ttf */; };
		74F803EC34974E8FBDC5596F /* Entypo.ttf in Resources */ = {isa = PBXBuildFile; fileRef = 5546A503FE9E41099C61294B /* Entypo.ttf */; };
		078F88FF1BDA4400ADEF64BD /* EvilIcons.ttf in Resources */ = {isa = PBXBuildFile; fileRef = DFB2CD0904794EFABED2CF17 /* EvilIcons.ttf */; };
		419B1D7AFAFD4094B9B74049 /* Feather.ttf in Resources */ = {isa = PBXBuildFile; fileRef = 681695036BEE4156A22F49D0 /* Feather.ttf */; };
		ED28A3DC7C1644D294FB586E /* FontAwesome.ttf in Resources */ = {isa = PBXBuildFile; fileRef = 29ED9B6BF8DC41738837D898 /* FontAwesome.ttf */; };
		5999907A21E94D70B2A5E09B /* FontAwesome5_Brands.ttf in Resources */ = {isa = PBXBuildFile; fileRef = 8E536A891C054216875904BC /* FontAwesome5_Brands.ttf */; };
		CB5519882FB947BFADFEA3D9 /* FontAwesome5_Regular.ttf in Resources */ = {isa = PBXBuildFile; fileRef = 6571F81763EC4E8C85E42847 /* FontAwesome5_Regular.ttf */; };
		299F7A2D63E54349A43DDD6B /* FontAwesome5_Solid.ttf in Resources */ = {isa = PBXBuildFile; fileRef = BC6E31758F434CAF99252251 /* FontAwesome5_Solid.ttf */; };
		CFB63B713F964C44ADB49FEA /* Fontisto.ttf in Resources */ = {isa = PBXBuildFile; fileRef = 42DAB87236B64F499431E4B3 /* Fontisto.ttf */; };
		6634E06AF74642A7AF936283 /* Foundation.ttf in Resources */ = {isa = PBXBuildFile; fileRef = C41A95F0CD794EDD91F052C8 /* Foundation.ttf */; };
		280F01F90ED340B0AC538F95 /* Ionicons.ttf in Resources */ = {isa = PBXBuildFile; fileRef = 27AE92A07A9748AB91F73AD4 /* Ionicons.ttf */; };
		5F24840D0944423EA9F2F3E6 /* MaterialCommunityIcons.ttf in Resources */ = {isa = PBXBuildFile; fileRef = 99446BBA71B846128B60428B /* MaterialCommunityIcons.ttf */; };
		E5A03BAC658C4B92B5F3CE0D /* MaterialIcons.ttf in Resources */ = {isa = PBXBuildFile; fileRef = 0C9E359D181D45D08345B509 /* MaterialIcons.ttf */; };
		446ABA3717484DC681CB31A7 /* Octicons.ttf in Resources */ = {isa = PBXBuildFile; fileRef = 8CDDC75C8C1841D7BC539CC6 /* Octicons.ttf */; };
		3B3666D990704505A3152523 /* SimpleLineIcons.ttf in Resources */ = {isa = PBXBuildFile; fileRef = 54E6076B4C1A455CAF43F61A /* SimpleLineIcons.ttf */; };
		21D47558BAF24BA697290628 /* Zocial.ttf in Resources */ = {isa = PBXBuildFile; fileRef = 462BB7167F794995AE154BE6 /* Zocial.ttf */; };
		6D604253ABA04016BB7A1DDB /* Barlow-Black.ttf in Resources */ = {isa = PBXBuildFile; fileRef = 59C57DC60EF44E04AF861338 /* Barlow-Black.ttf */; };
		73FFEA5F37C341948B7ECC49 /* Barlow-BlackItalic.ttf in Resources */ = {isa = PBXBuildFile; fileRef = FAFBE2B8C33A4EEEA6E1B90E /* Barlow-BlackItalic.ttf */; };
		DD0F985BDCE7461DB98EBDD9 /* Barlow-Bold.ttf in Resources */ = {isa = PBXBuildFile; fileRef = 387A454758F64C7E8B972436 /* Barlow-Bold.ttf */; };
		284E6F979C264CBF976879E2 /* Barlow-BoldItalic.ttf in Resources */ = {isa = PBXBuildFile; fileRef = 80EB05C3F19A4600B8F765F1 /* Barlow-BoldItalic.ttf */; };
		B47DC313853547B69FB60996 /* Barlow-ExtraBold.ttf in Resources */ = {isa = PBXBuildFile; fileRef = BEC9470D5A564629AB35ED56 /* Barlow-ExtraBold.ttf */; };
		CC11953293B341308419D6B8 /* Barlow-ExtraBoldItalic.ttf in Resources */ = {isa = PBXBuildFile; fileRef = 2AE353270E9448CD9F615ED3 /* Barlow-ExtraBoldItalic.ttf */; };
		BCE494458F5341479FD002C9 /* Barlow-ExtraLight.ttf in Resources */ = {isa = PBXBuildFile; fileRef = 166232A78D7C49F889D96B26 /* Barlow-ExtraLight.ttf */; };
		407840C0A64944BAABFC6552 /* Barlow-ExtraLightItalic.ttf in Resources */ = {isa = PBXBuildFile; fileRef = DC77CF8CAE36457B8F7D9981 /* Barlow-ExtraLightItalic.ttf */; };
		CFAB87543DE2430E8086F25F /* Barlow-Italic.ttf in Resources */ = {isa = PBXBuildFile; fileRef = 3C7CCA6576584683B9A86A19 /* Barlow-Italic.ttf */; };
		1522CCE3EC56462A8890ACB9 /* Barlow-Light.ttf in Resources */ = {isa = PBXBuildFile; fileRef = D969BE39CEB04780901C2AE4 /* Barlow-Light.ttf */; };
		F0AF27C5C5534EB7B7A1C030 /* Barlow-LightItalic.ttf in Resources */ = {isa = PBXBuildFile; fileRef = CC59EE1E6D234F0089C1F99F /* Barlow-LightItalic.ttf */; };
		E8EAD9EA6AA349CABD93BBD9 /* Barlow-Medium.ttf in Resources */ = {isa = PBXBuildFile; fileRef = D97B2D45970942B896592826 /* Barlow-Medium.ttf */; };
		4CA5F79B980546C4B02BDA48 /* Barlow-MediumItalic.ttf in Resources */ = {isa = PBXBuildFile; fileRef = 891BDBF2483E4781BF808FF7 /* Barlow-MediumItalic.ttf */; };
		908729681CD943958F08B9B2 /* Barlow-Regular.ttf in Resources */ = {isa = PBXBuildFile; fileRef = 3503CF3E119B43369FA777FB /* Barlow-Regular.ttf */; };
		C54A1968722A48E4AE35D11B /* Barlow-SemiBold.ttf in Resources */ = {isa = PBXBuildFile; fileRef = 20C882D999CE45A69231538F /* Barlow-SemiBold.ttf */; };
		DE2014E7A0424DB9BEE110E9 /* Barlow-SemiBoldItalic.ttf in Resources */ = {isa = PBXBuildFile; fileRef = A5C2D8E7866844368E97429B /* Barlow-SemiBoldItalic.ttf */; };
		D95A98B8B9C64361BB30022E /* Barlow-Thin.ttf in Resources */ = {isa = PBXBuildFile; fileRef = DDDBA07D7A404D59B66EDFFC /* Barlow-Thin.ttf */; };
		B43C526B7DCA4A30AEF6F0B4 /* Barlow-ThinItalic.ttf in Resources */ = {isa = PBXBuildFile; fileRef = 4243294F755B4FECB26696FA /* Barlow-ThinItalic.ttf */; };
		637803B42B2E40E3B2326664 /* Barlow-Black.ttf in Resources */ = {isa = PBXBuildFile; fileRef = 1E9D2E5607A5496BA57E1AE2 /* Barlow-Black.ttf */; };
		0A24FBFF76564B5EBC1FEACC /* Barlow-BlackItalic.ttf in Resources */ = {isa = PBXBuildFile; fileRef = 26EB9775F36444518F2A1EB8 /* Barlow-BlackItalic.ttf */; };
		61E89CD812BE423E86FD4148 /* Barlow-Bold.ttf in Resources */ = {isa = PBXBuildFile; fileRef = 73CED430C4004C71B8684768 /* Barlow-Bold.ttf */; };
		1A8382F37A5C4BB3AB23C149 /* Barlow-BoldItalic.ttf in Resources */ = {isa = PBXBuildFile; fileRef = E8EBCE5E34714C96A9E0622A /* Barlow-BoldItalic.ttf */; };
		15264FA5E4B74293BD5EA849 /* Barlow-ExtraBold.ttf in Resources */ = {isa = PBXBuildFile; fileRef = 6A6B9ADE69034FA595F3C11C /* Barlow-ExtraBold.ttf */; };
		0441CB00FF3C4FE886E980C5 /* Barlow-ExtraBoldItalic.ttf in Resources */ = {isa = PBXBuildFile; fileRef = B48179459F47452DB94AB48E /* Barlow-ExtraBoldItalic.ttf */; };
		B750C3A1799F43CA9CE980AC /* Barlow-ExtraLight.ttf in Resources */ = {isa = PBXBuildFile; fileRef = 3179E929F2454A8F8AED6715 /* Barlow-ExtraLight.ttf */; };
		CF20814439A94F6598B46110 /* Barlow-ExtraLightItalic.ttf in Resources */ = {isa = PBXBuildFile; fileRef = D8B1ADD1E8CC4DEB8821EE94 /* Barlow-ExtraLightItalic.ttf */; };
		5210052AB41D4F2FB14F7BF6 /* Barlow-Italic.ttf in Resources */ = {isa = PBXBuildFile; fileRef = 43215943738B431195C9DA26 /* Barlow-Italic.ttf */; };
		D302294D5AE3427F8C8292DB /* Barlow-Light.ttf in Resources */ = {isa = PBXBuildFile; fileRef = B871D0EE3FCE49E69A6EB9CB /* Barlow-Light.ttf */; };
		1170748715124710B59CE99B /* Barlow-LightItalic.ttf in Resources */ = {isa = PBXBuildFile; fileRef = D4D17F124D724D57B986BC0B /* Barlow-LightItalic.ttf */; };
		691F74F0D7A445ADBC3C2511 /* Barlow-Medium.ttf in Resources */ = {isa = PBXBuildFile; fileRef = 97AEECC8883C4894BB72DF34 /* Barlow-Medium.ttf */; };
		203D3665366E49B99CDAB967 /* Barlow-MediumItalic.ttf in Resources */ = {isa = PBXBuildFile; fileRef = 7B2DB40AFE514791BE46CDFF /* Barlow-MediumItalic.ttf */; };
		9C0761CCB85D40BF8B9EB180 /* Barlow-Regular.ttf in Resources */ = {isa = PBXBuildFile; fileRef = 87D136BD041A449889997439 /* Barlow-Regular.ttf */; };
		9E7A44562A304276AB9B2A92 /* Barlow-SemiBold.ttf in Resources */ = {isa = PBXBuildFile; fileRef = 569B6BEB338846F6A8C3FDA9 /* Barlow-SemiBold.ttf */; };
		B78288B7E28848A79645FB38 /* Barlow-SemiBoldItalic.ttf in Resources */ = {isa = PBXBuildFile; fileRef = 1566F90CCC734735A50A6AEB /* Barlow-SemiBoldItalic.ttf */; };
		BB907325808546FEA52AC943 /* Barlow-Thin.ttf in Resources */ = {isa = PBXBuildFile; fileRef = C2B06332557544F3822EA603 /* Barlow-Thin.ttf */; };
		1B96F1FF2CC94CE0929E1A98 /* Barlow-ThinItalic.ttf in Resources */ = {isa = PBXBuildFile; fileRef = 96B9CE2598B84997896116E5 /* Barlow-ThinItalic.ttf */; };
		4B56F208708B4C80BE4B8D88 /* Rubik-Black.ttf in Resources */ = {isa = PBXBuildFile; fileRef = 6953CC59CE494D53A020E66D /* Rubik-Black.ttf */; };
		7A95FB8CC8404B2793D0339E /* Rubik-BlackItalic.ttf in Resources */ = {isa = PBXBuildFile; fileRef = 96FD529B2A0F46BE8F34E616 /* Rubik-BlackItalic.ttf */; };
		90EF2D717B3B406B8BB6D88D /* Rubik-Bold.ttf in Resources */ = {isa = PBXBuildFile; fileRef = 103D6EAA95E144EFB387B71C /* Rubik-Bold.ttf */; };
		2BAD8C3F17554511957490DA /* Rubik-BoldItalic.ttf in Resources */ = {isa = PBXBuildFile; fileRef = 67430B9319FD4C4BAD4B3A9A /* Rubik-BoldItalic.ttf */; };
		2086D508C7764D8DAC25004E /* Rubik-ExtraBold.ttf in Resources */ = {isa = PBXBuildFile; fileRef = 8361AAD04E86482DB853427B /* Rubik-ExtraBold.ttf */; };
		4BC40B756A8D4C3E8B2F9336 /* Rubik-ExtraBoldItalic.ttf in Resources */ = {isa = PBXBuildFile; fileRef = 41CDE4D95FF64C5C8F59874C /* Rubik-ExtraBoldItalic.ttf */; };
		70DB5ECB92E84440B3D37DE9 /* Rubik-Italic.ttf in Resources */ = {isa = PBXBuildFile; fileRef = 58C4FA8476414618959B0E84 /* Rubik-Italic.ttf */; };
		3EA0C037C32648F7851ECA94 /* Rubik-Light.ttf in Resources */ = {isa = PBXBuildFile; fileRef = B070468D141548ABB3E7281A /* Rubik-Light.ttf */; };
		D2691C7E1D0B48479025E9FB /* Rubik-LightItalic.ttf in Resources */ = {isa = PBXBuildFile; fileRef = 921BAEF6886D465B9CAA21B8 /* Rubik-LightItalic.ttf */; };
		A89C93B462874E26B8286D9B /* Rubik-Medium.ttf in Resources */ = {isa = PBXBuildFile; fileRef = 375E0A55870B4E83A23E9AD2 /* Rubik-Medium.ttf */; };
		05EA58F59D0240A48EBBDB08 /* Rubik-MediumItalic.ttf in Resources */ = {isa = PBXBuildFile; fileRef = F1FD83E40E3C4931BD56472B /* Rubik-MediumItalic.ttf */; };
		19126CE85AF94B63AE899A4B /* Rubik-Regular.ttf in Resources */ = {isa = PBXBuildFile; fileRef = 77B2EFBE5F0D475DB72289E4 /* Rubik-Regular.ttf */; };
		06A5D4B978FF4B1FA9CCBCD2 /* Rubik-SemiBold.ttf in Resources */ = {isa = PBXBuildFile; fileRef = 77543464E8D44526B52252BA /* Rubik-SemiBold.ttf */; };
		43832834969C440E9A5882AA /* Rubik-SemiBoldItalic.ttf in Resources */ = {isa = PBXBuildFile; fileRef = 227A255CE2884362B49D75E8 /* Rubik-SemiBoldItalic.ttf */; };
/* End PBXBuildFile section */

/* Begin PBXContainerItemProxy section */
		00E356F41AD99517003FC87E /* PBXContainerItemProxy */ = {
			isa = PBXContainerItemProxy;
			containerPortal = 83CBB9F71A601CBA00E9B192 /* Project object */;
			proxyType = 1;
			remoteGlobalIDString = 13B07F861A680F5B00A75B9A;
			remoteInfo = PantauCovid19;
		};
/* End PBXContainerItemProxy section */

/* Begin PBXFileReference section */
		00E356EE1AD99517003FC87E /* PantauCovid19Tests.xctest */ = {isa = PBXFileReference; explicitFileType = wrapper.cfbundle; includeInIndex = 0; path = PantauCovid19Tests.xctest; sourceTree = BUILT_PRODUCTS_DIR; };
		00E356F11AD99517003FC87E /* Info.plist */ = {isa = PBXFileReference; lastKnownFileType = text.plist.xml; path = Info.plist; sourceTree = "<group>"; };
		00E356F21AD99517003FC87E /* PantauCovid19Tests.m */ = {isa = PBXFileReference; lastKnownFileType = sourcecode.c.objc; path = PantauCovid19Tests.m; sourceTree = "<group>"; };
		13B07F961A680F5B00A75B9A /* PantauCovid19.app */ = {isa = PBXFileReference; explicitFileType = wrapper.application; includeInIndex = 0; path = PantauCovid19.app; sourceTree = BUILT_PRODUCTS_DIR; };
		13B07FAF1A68108700A75B9A /* AppDelegate.h */ = {isa = PBXFileReference; fileEncoding = 4; lastKnownFileType = sourcecode.c.h; name = AppDelegate.h; path = PantauCovid19/AppDelegate.h; sourceTree = "<group>"; };
		13B07FB01A68108700A75B9A /* AppDelegate.m */ = {isa = PBXFileReference; fileEncoding = 4; lastKnownFileType = sourcecode.c.objc; name = AppDelegate.m; path = PantauCovid19/AppDelegate.m; sourceTree = "<group>"; };
		13B07FB51A68108700A75B9A /* Images.xcassets */ = {isa = PBXFileReference; lastKnownFileType = folder.assetcatalog; name = Images.xcassets; path = PantauCovid19/Images.xcassets; sourceTree = "<group>"; };
		13B07FB61A68108700A75B9A /* Info.plist */ = {isa = PBXFileReference; fileEncoding = 4; lastKnownFileType = text.plist.xml; name = Info.plist; path = PantauCovid19/Info.plist; sourceTree = "<group>"; };
		13B07FB71A68108700A75B9A /* main.m */ = {isa = PBXFileReference; fileEncoding = 4; lastKnownFileType = sourcecode.c.objc; name = main.m; path = PantauCovid19/main.m; sourceTree = "<group>"; };
		81AB9BB72411601600AC10FF /* LaunchScreen.storyboard */ = {isa = PBXFileReference; fileEncoding = 4; lastKnownFileType = file.storyboard; name = LaunchScreen.storyboard; path = PantauCovid19/LaunchScreen.storyboard; sourceTree = "<group>"; };
		ED297162215061F000B7C4FE /* JavaScriptCore.framework */ = {isa = PBXFileReference; lastKnownFileType = wrapper.framework; name = JavaScriptCore.framework; path = System/Library/Frameworks/JavaScriptCore.framework; sourceTree = SDKROOT; };
		3BB88139BA60496C81548F09 /* AntDesign.ttf */ = {isa = PBXFileReference; name = "AntDesign.ttf"; path = "../node_modules/react-native-vector-icons/Fonts/AntDesign.ttf"; sourceTree = "<group>"; fileEncoding = undefined; lastKnownFileType = unknown; explicitFileType = undefined; includeInIndex = 0; };
		5546A503FE9E41099C61294B /* Entypo.ttf */ = {isa = PBXFileReference; name = "Entypo.ttf"; path = "../node_modules/react-native-vector-icons/Fonts/Entypo.ttf"; sourceTree = "<group>"; fileEncoding = undefined; lastKnownFileType = unknown; explicitFileType = undefined; includeInIndex = 0; };
		DFB2CD0904794EFABED2CF17 /* EvilIcons.ttf */ = {isa = PBXFileReference; name = "EvilIcons.ttf"; path = "../node_modules/react-native-vector-icons/Fonts/EvilIcons.ttf"; sourceTree = "<group>"; fileEncoding = undefined; lastKnownFileType = unknown; explicitFileType = undefined; includeInIndex = 0; };
		681695036BEE4156A22F49D0 /* Feather.ttf */ = {isa = PBXFileReference; name = "Feather.ttf"; path = "../node_modules/react-native-vector-icons/Fonts/Feather.ttf"; sourceTree = "<group>"; fileEncoding = undefined; lastKnownFileType = unknown; explicitFileType = undefined; includeInIndex = 0; };
		29ED9B6BF8DC41738837D898 /* FontAwesome.ttf */ = {isa = PBXFileReference; name = "FontAwesome.ttf"; path = "../node_modules/react-native-vector-icons/Fonts/FontAwesome.ttf"; sourceTree = "<group>"; fileEncoding = undefined; lastKnownFileType = unknown; explicitFileType = undefined; includeInIndex = 0; };
		8E536A891C054216875904BC /* FontAwesome5_Brands.ttf */ = {isa = PBXFileReference; name = "FontAwesome5_Brands.ttf"; path = "../node_modules/react-native-vector-icons/Fonts/FontAwesome5_Brands.ttf"; sourceTree = "<group>"; fileEncoding = undefined; lastKnownFileType = unknown; explicitFileType = undefined; includeInIndex = 0; };
		6571F81763EC4E8C85E42847 /* FontAwesome5_Regular.ttf */ = {isa = PBXFileReference; name = "FontAwesome5_Regular.ttf"; path = "../node_modules/react-native-vector-icons/Fonts/FontAwesome5_Regular.ttf"; sourceTree = "<group>"; fileEncoding = undefined; lastKnownFileType = unknown; explicitFileType = undefined; includeInIndex = 0; };
		BC6E31758F434CAF99252251 /* FontAwesome5_Solid.ttf */ = {isa = PBXFileReference; name = "FontAwesome5_Solid.ttf"; path = "../node_modules/react-native-vector-icons/Fonts/FontAwesome5_Solid.ttf"; sourceTree = "<group>"; fileEncoding = undefined; lastKnownFileType = unknown; explicitFileType = undefined; includeInIndex = 0; };
		42DAB87236B64F499431E4B3 /* Fontisto.ttf */ = {isa = PBXFileReference; name = "Fontisto.ttf"; path = "../node_modules/react-native-vector-icons/Fonts/Fontisto.ttf"; sourceTree = "<group>"; fileEncoding = undefined; lastKnownFileType = unknown; explicitFileType = undefined; includeInIndex = 0; };
		C41A95F0CD794EDD91F052C8 /* Foundation.ttf */ = {isa = PBXFileReference; name = "Foundation.ttf"; path = "../node_modules/react-native-vector-icons/Fonts/Foundation.ttf"; sourceTree = "<group>"; fileEncoding = undefined; lastKnownFileType = unknown; explicitFileType = undefined; includeInIndex = 0; };
		27AE92A07A9748AB91F73AD4 /* Ionicons.ttf */ = {isa = PBXFileReference; name = "Ionicons.ttf"; path = "../node_modules/react-native-vector-icons/Fonts/Ionicons.ttf"; sourceTree = "<group>"; fileEncoding = undefined; lastKnownFileType = unknown; explicitFileType = undefined; includeInIndex = 0; };
		99446BBA71B846128B60428B /* MaterialCommunityIcons.ttf */ = {isa = PBXFileReference; name = "MaterialCommunityIcons.ttf"; path = "../node_modules/react-native-vector-icons/Fonts/MaterialCommunityIcons.ttf"; sourceTree = "<group>"; fileEncoding = undefined; lastKnownFileType = unknown; explicitFileType = undefined; includeInIndex = 0; };
		0C9E359D181D45D08345B509 /* MaterialIcons.ttf */ = {isa = PBXFileReference; name = "MaterialIcons.ttf"; path = "../node_modules/react-native-vector-icons/Fonts/MaterialIcons.ttf"; sourceTree = "<group>"; fileEncoding = undefined; lastKnownFileType = unknown; explicitFileType = undefined; includeInIndex = 0; };
		8CDDC75C8C1841D7BC539CC6 /* Octicons.ttf */ = {isa = PBXFileReference; name = "Octicons.ttf"; path = "../node_modules/react-native-vector-icons/Fonts/Octicons.ttf"; sourceTree = "<group>"; fileEncoding = undefined; lastKnownFileType = unknown; explicitFileType = undefined; includeInIndex = 0; };
		54E6076B4C1A455CAF43F61A /* SimpleLineIcons.ttf */ = {isa = PBXFileReference; name = "SimpleLineIcons.ttf"; path = "../node_modules/react-native-vector-icons/Fonts/SimpleLineIcons.ttf"; sourceTree = "<group>"; fileEncoding = undefined; lastKnownFileType = unknown; explicitFileType = undefined; includeInIndex = 0; };
		462BB7167F794995AE154BE6 /* Zocial.ttf */ = {isa = PBXFileReference; name = "Zocial.ttf"; path = "../node_modules/react-native-vector-icons/Fonts/Zocial.ttf"; sourceTree = "<group>"; fileEncoding = undefined; lastKnownFileType = unknown; explicitFileType = undefined; includeInIndex = 0; };
		59C57DC60EF44E04AF861338 /* Barlow-Black.ttf */ = {isa = PBXFileReference; name = "Barlow-Black.ttf"; path = "../src/assets/fonts/Barlow-Black.ttf"; sourceTree = "<group>"; fileEncoding = undefined; lastKnownFileType = unknown; explicitFileType = undefined; includeInIndex = 0; };
		FAFBE2B8C33A4EEEA6E1B90E /* Barlow-BlackItalic.ttf */ = {isa = PBXFileReference; name = "Barlow-BlackItalic.ttf"; path = "../src/assets/fonts/Barlow-BlackItalic.ttf"; sourceTree = "<group>"; fileEncoding = undefined; lastKnownFileType = unknown; explicitFileType = undefined; includeInIndex = 0; };
		387A454758F64C7E8B972436 /* Barlow-Bold.ttf */ = {isa = PBXFileReference; name = "Barlow-Bold.ttf"; path = "../src/assets/fonts/Barlow-Bold.ttf"; sourceTree = "<group>"; fileEncoding = undefined; lastKnownFileType = unknown; explicitFileType = undefined; includeInIndex = 0; };
		80EB05C3F19A4600B8F765F1 /* Barlow-BoldItalic.ttf */ = {isa = PBXFileReference; name = "Barlow-BoldItalic.ttf"; path = "../src/assets/fonts/Barlow-BoldItalic.ttf"; sourceTree = "<group>"; fileEncoding = undefined; lastKnownFileType = unknown; explicitFileType = undefined; includeInIndex = 0; };
		BEC9470D5A564629AB35ED56 /* Barlow-ExtraBold.ttf */ = {isa = PBXFileReference; name = "Barlow-ExtraBold.ttf"; path = "../src/assets/fonts/Barlow-ExtraBold.ttf"; sourceTree = "<group>"; fileEncoding = undefined; lastKnownFileType = unknown; explicitFileType = undefined; includeInIndex = 0; };
		2AE353270E9448CD9F615ED3 /* Barlow-ExtraBoldItalic.ttf */ = {isa = PBXFileReference; name = "Barlow-ExtraBoldItalic.ttf"; path = "../src/assets/fonts/Barlow-ExtraBoldItalic.ttf"; sourceTree = "<group>"; fileEncoding = undefined; lastKnownFileType = unknown; explicitFileType = undefined; includeInIndex = 0; };
		166232A78D7C49F889D96B26 /* Barlow-ExtraLight.ttf */ = {isa = PBXFileReference; name = "Barlow-ExtraLight.ttf"; path = "../src/assets/fonts/Barlow-ExtraLight.ttf"; sourceTree = "<group>"; fileEncoding = undefined; lastKnownFileType = unknown; explicitFileType = undefined; includeInIndex = 0; };
		DC77CF8CAE36457B8F7D9981 /* Barlow-ExtraLightItalic.ttf */ = {isa = PBXFileReference; name = "Barlow-ExtraLightItalic.ttf"; path = "../src/assets/fonts/Barlow-ExtraLightItalic.ttf"; sourceTree = "<group>"; fileEncoding = undefined; lastKnownFileType = unknown; explicitFileType = undefined; includeInIndex = 0; };
		3C7CCA6576584683B9A86A19 /* Barlow-Italic.ttf */ = {isa = PBXFileReference; name = "Barlow-Italic.ttf"; path = "../src/assets/fonts/Barlow-Italic.ttf"; sourceTree = "<group>"; fileEncoding = undefined; lastKnownFileType = unknown; explicitFileType = undefined; includeInIndex = 0; };
		D969BE39CEB04780901C2AE4 /* Barlow-Light.ttf */ = {isa = PBXFileReference; name = "Barlow-Light.ttf"; path = "../src/assets/fonts/Barlow-Light.ttf"; sourceTree = "<group>"; fileEncoding = undefined; lastKnownFileType = unknown; explicitFileType = undefined; includeInIndex = 0; };
		CC59EE1E6D234F0089C1F99F /* Barlow-LightItalic.ttf */ = {isa = PBXFileReference; name = "Barlow-LightItalic.ttf"; path = "../src/assets/fonts/Barlow-LightItalic.ttf"; sourceTree = "<group>"; fileEncoding = undefined; lastKnownFileType = unknown; explicitFileType = undefined; includeInIndex = 0; };
		D97B2D45970942B896592826 /* Barlow-Medium.ttf */ = {isa = PBXFileReference; name = "Barlow-Medium.ttf"; path = "../src/assets/fonts/Barlow-Medium.ttf"; sourceTree = "<group>"; fileEncoding = undefined; lastKnownFileType = unknown; explicitFileType = undefined; includeInIndex = 0; };
		891BDBF2483E4781BF808FF7 /* Barlow-MediumItalic.ttf */ = {isa = PBXFileReference; name = "Barlow-MediumItalic.ttf"; path = "../src/assets/fonts/Barlow-MediumItalic.ttf"; sourceTree = "<group>"; fileEncoding = undefined; lastKnownFileType = unknown; explicitFileType = undefined; includeInIndex = 0; };
		3503CF3E119B43369FA777FB /* Barlow-Regular.ttf */ = {isa = PBXFileReference; name = "Barlow-Regular.ttf"; path = "../src/assets/fonts/Barlow-Regular.ttf"; sourceTree = "<group>"; fileEncoding = undefined; lastKnownFileType = unknown; explicitFileType = undefined; includeInIndex = 0; };
		20C882D999CE45A69231538F /* Barlow-SemiBold.ttf */ = {isa = PBXFileReference; name = "Barlow-SemiBold.ttf"; path = "../src/assets/fonts/Barlow-SemiBold.ttf"; sourceTree = "<group>"; fileEncoding = undefined; lastKnownFileType = unknown; explicitFileType = undefined; includeInIndex = 0; };
		A5C2D8E7866844368E97429B /* Barlow-SemiBoldItalic.ttf */ = {isa = PBXFileReference; name = "Barlow-SemiBoldItalic.ttf"; path = "../src/assets/fonts/Barlow-SemiBoldItalic.ttf"; sourceTree = "<group>"; fileEncoding = undefined; lastKnownFileType = unknown; explicitFileType = undefined; includeInIndex = 0; };
		DDDBA07D7A404D59B66EDFFC /* Barlow-Thin.ttf */ = {isa = PBXFileReference; name = "Barlow-Thin.ttf"; path = "../src/assets/fonts/Barlow-Thin.ttf"; sourceTree = "<group>"; fileEncoding = undefined; lastKnownFileType = unknown; explicitFileType = undefined; includeInIndex = 0; };
		4243294F755B4FECB26696FA /* Barlow-ThinItalic.ttf */ = {isa = PBXFileReference; name = "Barlow-ThinItalic.ttf"; path = "../src/assets/fonts/Barlow-ThinItalic.ttf"; sourceTree = "<group>"; fileEncoding = undefined; lastKnownFileType = unknown; explicitFileType = undefined; includeInIndex = 0; };
		1E9D2E5607A5496BA57E1AE2 /* Barlow-Black.ttf */ = {isa = PBXFileReference; name = "Barlow-Black.ttf"; path = "../src/assets/fonts/Barlow/Barlow-Black.ttf"; sourceTree = "<group>"; fileEncoding = undefined; lastKnownFileType = unknown; explicitFileType = undefined; includeInIndex = 0; };
		26EB9775F36444518F2A1EB8 /* Barlow-BlackItalic.ttf */ = {isa = PBXFileReference; name = "Barlow-BlackItalic.ttf"; path = "../src/assets/fonts/Barlow/Barlow-BlackItalic.ttf"; sourceTree = "<group>"; fileEncoding = undefined; lastKnownFileType = unknown; explicitFileType = undefined; includeInIndex = 0; };
		73CED430C4004C71B8684768 /* Barlow-Bold.ttf */ = {isa = PBXFileReference; name = "Barlow-Bold.ttf"; path = "../src/assets/fonts/Barlow/Barlow-Bold.ttf"; sourceTree = "<group>"; fileEncoding = undefined; lastKnownFileType = unknown; explicitFileType = undefined; includeInIndex = 0; };
		E8EBCE5E34714C96A9E0622A /* Barlow-BoldItalic.ttf */ = {isa = PBXFileReference; name = "Barlow-BoldItalic.ttf"; path = "../src/assets/fonts/Barlow/Barlow-BoldItalic.ttf"; sourceTree = "<group>"; fileEncoding = undefined; lastKnownFileType = unknown; explicitFileType = undefined; includeInIndex = 0; };
		6A6B9ADE69034FA595F3C11C /* Barlow-ExtraBold.ttf */ = {isa = PBXFileReference; name = "Barlow-ExtraBold.ttf"; path = "../src/assets/fonts/Barlow/Barlow-ExtraBold.ttf"; sourceTree = "<group>"; fileEncoding = undefined; lastKnownFileType = unknown; explicitFileType = undefined; includeInIndex = 0; };
		B48179459F47452DB94AB48E /* Barlow-ExtraBoldItalic.ttf */ = {isa = PBXFileReference; name = "Barlow-ExtraBoldItalic.ttf"; path = "../src/assets/fonts/Barlow/Barlow-ExtraBoldItalic.ttf"; sourceTree = "<group>"; fileEncoding = undefined; lastKnownFileType = unknown; explicitFileType = undefined; includeInIndex = 0; };
		3179E929F2454A8F8AED6715 /* Barlow-ExtraLight.ttf */ = {isa = PBXFileReference; name = "Barlow-ExtraLight.ttf"; path = "../src/assets/fonts/Barlow/Barlow-ExtraLight.ttf"; sourceTree = "<group>"; fileEncoding = undefined; lastKnownFileType = unknown; explicitFileType = undefined; includeInIndex = 0; };
		D8B1ADD1E8CC4DEB8821EE94 /* Barlow-ExtraLightItalic.ttf */ = {isa = PBXFileReference; name = "Barlow-ExtraLightItalic.ttf"; path = "../src/assets/fonts/Barlow/Barlow-ExtraLightItalic.ttf"; sourceTree = "<group>"; fileEncoding = undefined; lastKnownFileType = unknown; explicitFileType = undefined; includeInIndex = 0; };
		43215943738B431195C9DA26 /* Barlow-Italic.ttf */ = {isa = PBXFileReference; name = "Barlow-Italic.ttf"; path = "../src/assets/fonts/Barlow/Barlow-Italic.ttf"; sourceTree = "<group>"; fileEncoding = undefined; lastKnownFileType = unknown; explicitFileType = undefined; includeInIndex = 0; };
		B871D0EE3FCE49E69A6EB9CB /* Barlow-Light.ttf */ = {isa = PBXFileReference; name = "Barlow-Light.ttf"; path = "../src/assets/fonts/Barlow/Barlow-Light.ttf"; sourceTree = "<group>"; fileEncoding = undefined; lastKnownFileType = unknown; explicitFileType = undefined; includeInIndex = 0; };
		D4D17F124D724D57B986BC0B /* Barlow-LightItalic.ttf */ = {isa = PBXFileReference; name = "Barlow-LightItalic.ttf"; path = "../src/assets/fonts/Barlow/Barlow-LightItalic.ttf"; sourceTree = "<group>"; fileEncoding = undefined; lastKnownFileType = unknown; explicitFileType = undefined; includeInIndex = 0; };
		97AEECC8883C4894BB72DF34 /* Barlow-Medium.ttf */ = {isa = PBXFileReference; name = "Barlow-Medium.ttf"; path = "../src/assets/fonts/Barlow/Barlow-Medium.ttf"; sourceTree = "<group>"; fileEncoding = undefined; lastKnownFileType = unknown; explicitFileType = undefined; includeInIndex = 0; };
		7B2DB40AFE514791BE46CDFF /* Barlow-MediumItalic.ttf */ = {isa = PBXFileReference; name = "Barlow-MediumItalic.ttf"; path = "../src/assets/fonts/Barlow/Barlow-MediumItalic.ttf"; sourceTree = "<group>"; fileEncoding = undefined; lastKnownFileType = unknown; explicitFileType = undefined; includeInIndex = 0; };
		87D136BD041A449889997439 /* Barlow-Regular.ttf */ = {isa = PBXFileReference; name = "Barlow-Regular.ttf"; path = "../src/assets/fonts/Barlow/Barlow-Regular.ttf"; sourceTree = "<group>"; fileEncoding = undefined; lastKnownFileType = unknown; explicitFileType = undefined; includeInIndex = 0; };
		569B6BEB338846F6A8C3FDA9 /* Barlow-SemiBold.ttf */ = {isa = PBXFileReference; name = "Barlow-SemiBold.ttf"; path = "../src/assets/fonts/Barlow/Barlow-SemiBold.ttf"; sourceTree = "<group>"; fileEncoding = undefined; lastKnownFileType = unknown; explicitFileType = undefined; includeInIndex = 0; };
		1566F90CCC734735A50A6AEB /* Barlow-SemiBoldItalic.ttf */ = {isa = PBXFileReference; name = "Barlow-SemiBoldItalic.ttf"; path = "../src/assets/fonts/Barlow/Barlow-SemiBoldItalic.ttf"; sourceTree = "<group>"; fileEncoding = undefined; lastKnownFileType = unknown; explicitFileType = undefined; includeInIndex = 0; };
		C2B06332557544F3822EA603 /* Barlow-Thin.ttf */ = {isa = PBXFileReference; name = "Barlow-Thin.ttf"; path = "../src/assets/fonts/Barlow/Barlow-Thin.ttf"; sourceTree = "<group>"; fileEncoding = undefined; lastKnownFileType = unknown; explicitFileType = undefined; includeInIndex = 0; };
		96B9CE2598B84997896116E5 /* Barlow-ThinItalic.ttf */ = {isa = PBXFileReference; name = "Barlow-ThinItalic.ttf"; path = "../src/assets/fonts/Barlow/Barlow-ThinItalic.ttf"; sourceTree = "<group>"; fileEncoding = undefined; lastKnownFileType = unknown; explicitFileType = undefined; includeInIndex = 0; };
		6953CC59CE494D53A020E66D /* Rubik-Black.ttf */ = {isa = PBXFileReference; name = "Rubik-Black.ttf"; path = "../src/assets/fonts/Rubik/Rubik-Black.ttf"; sourceTree = "<group>"; fileEncoding = undefined; lastKnownFileType = unknown; explicitFileType = undefined; includeInIndex = 0; };
		96FD529B2A0F46BE8F34E616 /* Rubik-BlackItalic.ttf */ = {isa = PBXFileReference; name = "Rubik-BlackItalic.ttf"; path = "../src/assets/fonts/Rubik/Rubik-BlackItalic.ttf"; sourceTree = "<group>"; fileEncoding = undefined; lastKnownFileType = unknown; explicitFileType = undefined; includeInIndex = 0; };
		103D6EAA95E144EFB387B71C /* Rubik-Bold.ttf */ = {isa = PBXFileReference; name = "Rubik-Bold.ttf"; path = "../src/assets/fonts/Rubik/Rubik-Bold.ttf"; sourceTree = "<group>"; fileEncoding = undefined; lastKnownFileType = unknown; explicitFileType = undefined; includeInIndex = 0; };
		67430B9319FD4C4BAD4B3A9A /* Rubik-BoldItalic.ttf */ = {isa = PBXFileReference; name = "Rubik-BoldItalic.ttf"; path = "../src/assets/fonts/Rubik/Rubik-BoldItalic.ttf"; sourceTree = "<group>"; fileEncoding = undefined; lastKnownFileType = unknown; explicitFileType = undefined; includeInIndex = 0; };
		8361AAD04E86482DB853427B /* Rubik-ExtraBold.ttf */ = {isa = PBXFileReference; name = "Rubik-ExtraBold.ttf"; path = "../src/assets/fonts/Rubik/Rubik-ExtraBold.ttf"; sourceTree = "<group>"; fileEncoding = undefined; lastKnownFileType = unknown; explicitFileType = undefined; includeInIndex = 0; };
		41CDE4D95FF64C5C8F59874C /* Rubik-ExtraBoldItalic.ttf */ = {isa = PBXFileReference; name = "Rubik-ExtraBoldItalic.ttf"; path = "../src/assets/fonts/Rubik/Rubik-ExtraBoldItalic.ttf"; sourceTree = "<group>"; fileEncoding = undefined; lastKnownFileType = unknown; explicitFileType = undefined; includeInIndex = 0; };
		58C4FA8476414618959B0E84 /* Rubik-Italic.ttf */ = {isa = PBXFileReference; name = "Rubik-Italic.ttf"; path = "../src/assets/fonts/Rubik/Rubik-Italic.ttf"; sourceTree = "<group>"; fileEncoding = undefined; lastKnownFileType = unknown; explicitFileType = undefined; includeInIndex = 0; };
		B070468D141548ABB3E7281A /* Rubik-Light.ttf */ = {isa = PBXFileReference; name = "Rubik-Light.ttf"; path = "../src/assets/fonts/Rubik/Rubik-Light.ttf"; sourceTree = "<group>"; fileEncoding = undefined; lastKnownFileType = unknown; explicitFileType = undefined; includeInIndex = 0; };
		921BAEF6886D465B9CAA21B8 /* Rubik-LightItalic.ttf */ = {isa = PBXFileReference; name = "Rubik-LightItalic.ttf"; path = "../src/assets/fonts/Rubik/Rubik-LightItalic.ttf"; sourceTree = "<group>"; fileEncoding = undefined; lastKnownFileType = unknown; explicitFileType = undefined; includeInIndex = 0; };
		375E0A55870B4E83A23E9AD2 /* Rubik-Medium.ttf */ = {isa = PBXFileReference; name = "Rubik-Medium.ttf"; path = "../src/assets/fonts/Rubik/Rubik-Medium.ttf"; sourceTree = "<group>"; fileEncoding = undefined; lastKnownFileType = unknown; explicitFileType = undefined; includeInIndex = 0; };
		F1FD83E40E3C4931BD56472B /* Rubik-MediumItalic.ttf */ = {isa = PBXFileReference; name = "Rubik-MediumItalic.ttf"; path = "../src/assets/fonts/Rubik/Rubik-MediumItalic.ttf"; sourceTree = "<group>"; fileEncoding = undefined; lastKnownFileType = unknown; explicitFileType = undefined; includeInIndex = 0; };
		77B2EFBE5F0D475DB72289E4 /* Rubik-Regular.ttf */ = {isa = PBXFileReference; name = "Rubik-Regular.ttf"; path = "../src/assets/fonts/Rubik/Rubik-Regular.ttf"; sourceTree = "<group>"; fileEncoding = undefined; lastKnownFileType = unknown; explicitFileType = undefined; includeInIndex = 0; };
		77543464E8D44526B52252BA /* Rubik-SemiBold.ttf */ = {isa = PBXFileReference; name = "Rubik-SemiBold.ttf"; path = "../src/assets/fonts/Rubik/Rubik-SemiBold.ttf"; sourceTree = "<group>"; fileEncoding = undefined; lastKnownFileType = unknown; explicitFileType = undefined; includeInIndex = 0; };
		227A255CE2884362B49D75E8 /* Rubik-SemiBoldItalic.ttf */ = {isa = PBXFileReference; name = "Rubik-SemiBoldItalic.ttf"; path = "../src/assets/fonts/Rubik/Rubik-SemiBoldItalic.ttf"; sourceTree = "<group>"; fileEncoding = undefined; lastKnownFileType = unknown; explicitFileType = undefined; includeInIndex = 0; };
/* End PBXFileReference section */

/* Begin PBXFrameworksBuildPhase section */
		00E356EB1AD99517003FC87E /* Frameworks */ = {
			isa = PBXFrameworksBuildPhase;
			buildActionMask = 2147483647;
			files = (
			);
			runOnlyForDeploymentPostprocessing = 0;
		};
		13B07F8C1A680F5B00A75B9A /* Frameworks */ = {
			isa = PBXFrameworksBuildPhase;
			buildActionMask = 2147483647;
			files = (
			);
			runOnlyForDeploymentPostprocessing = 0;
		};
/* End PBXFrameworksBuildPhase section */

/* Begin PBXGroup section */
		00E356EF1AD99517003FC87E /* PantauCovid19Tests */ = {
			isa = PBXGroup;
			children = (
				00E356F21AD99517003FC87E /* PantauCovid19Tests.m */,
				00E356F01AD99517003FC87E /* Supporting Files */,
			);
			path = PantauCovid19Tests;
			sourceTree = "<group>";
		};
		00E356F01AD99517003FC87E /* Supporting Files */ = {
			isa = PBXGroup;
			children = (
				00E356F11AD99517003FC87E /* Info.plist */,
			);
			name = "Supporting Files";
			sourceTree = "<group>";
		};
		13B07FAE1A68108700A75B9A /* PantauCovid19 */ = {
			isa = PBXGroup;
			children = (
				13B07FAF1A68108700A75B9A /* AppDelegate.h */,
				13B07FB01A68108700A75B9A /* AppDelegate.m */,
				13B07FB51A68108700A75B9A /* Images.xcassets */,
				13B07FB61A68108700A75B9A /* Info.plist */,
				81AB9BB72411601600AC10FF /* LaunchScreen.storyboard */,
				13B07FB71A68108700A75B9A /* main.m */,
			);
			name = PantauCovid19;
			sourceTree = "<group>";
		};
		2D16E6871FA4F8E400B85C8A /* Frameworks */ = {
			isa = PBXGroup;
			children = (
				ED297162215061F000B7C4FE /* JavaScriptCore.framework */,
			);
			name = Frameworks;
			sourceTree = "<group>";
		};
		832341AE1AAA6A7D00B99B32 /* Libraries */ = {
			isa = PBXGroup;
			children = (
			);
			name = Libraries;
			sourceTree = "<group>";
		};
		83CBB9F61A601CBA00E9B192 = {
			isa = PBXGroup;
			children = (
				13B07FAE1A68108700A75B9A /* PantauCovid19 */,
				832341AE1AAA6A7D00B99B32 /* Libraries */,
				00E356EF1AD99517003FC87E /* PantauCovid19Tests */,
				83CBBA001A601CBA00E9B192 /* Products */,
				2D16E6871FA4F8E400B85C8A /* Frameworks */,
				4EB6E0E7FB654DE0A37672A6 /* Resources */,
			);
			indentWidth = 2;
			sourceTree = "<group>";
			tabWidth = 2;
			usesTabs = 0;
		};
		83CBBA001A601CBA00E9B192 /* Products */ = {
			isa = PBXGroup;
			children = (
				13B07F961A680F5B00A75B9A /* PantauCovid19.app */,
				00E356EE1AD99517003FC87E /* PantauCovid19Tests.xctest */,
			);
			name = Products;
			sourceTree = "<group>";
		};
		4EB6E0E7FB654DE0A37672A6 /* Resources */ = {
			isa = "PBXGroup";
			children = (
				3BB88139BA60496C81548F09 /* AntDesign.ttf */,
				5546A503FE9E41099C61294B /* Entypo.ttf */,
				DFB2CD0904794EFABED2CF17 /* EvilIcons.ttf */,
				681695036BEE4156A22F49D0 /* Feather.ttf */,
				29ED9B6BF8DC41738837D898 /* FontAwesome.ttf */,
				8E536A891C054216875904BC /* FontAwesome5_Brands.ttf */,
				6571F81763EC4E8C85E42847 /* FontAwesome5_Regular.ttf */,
				BC6E31758F434CAF99252251 /* FontAwesome5_Solid.ttf */,
				42DAB87236B64F499431E4B3 /* Fontisto.ttf */,
				C41A95F0CD794EDD91F052C8 /* Foundation.ttf */,
				27AE92A07A9748AB91F73AD4 /* Ionicons.ttf */,
				99446BBA71B846128B60428B /* MaterialCommunityIcons.ttf */,
				0C9E359D181D45D08345B509 /* MaterialIcons.ttf */,
				8CDDC75C8C1841D7BC539CC6 /* Octicons.ttf */,
				54E6076B4C1A455CAF43F61A /* SimpleLineIcons.ttf */,
				462BB7167F794995AE154BE6 /* Zocial.ttf */,
				59C57DC60EF44E04AF861338 /* Barlow-Black.ttf */,
				FAFBE2B8C33A4EEEA6E1B90E /* Barlow-BlackItalic.ttf */,
				387A454758F64C7E8B972436 /* Barlow-Bold.ttf */,
				80EB05C3F19A4600B8F765F1 /* Barlow-BoldItalic.ttf */,
				BEC9470D5A564629AB35ED56 /* Barlow-ExtraBold.ttf */,
				2AE353270E9448CD9F615ED3 /* Barlow-ExtraBoldItalic.ttf */,
				166232A78D7C49F889D96B26 /* Barlow-ExtraLight.ttf */,
				DC77CF8CAE36457B8F7D9981 /* Barlow-ExtraLightItalic.ttf */,
				3C7CCA6576584683B9A86A19 /* Barlow-Italic.ttf */,
				D969BE39CEB04780901C2AE4 /* Barlow-Light.ttf */,
				CC59EE1E6D234F0089C1F99F /* Barlow-LightItalic.ttf */,
				D97B2D45970942B896592826 /* Barlow-Medium.ttf */,
				891BDBF2483E4781BF808FF7 /* Barlow-MediumItalic.ttf */,
				3503CF3E119B43369FA777FB /* Barlow-Regular.ttf */,
				20C882D999CE45A69231538F /* Barlow-SemiBold.ttf */,
				A5C2D8E7866844368E97429B /* Barlow-SemiBoldItalic.ttf */,
				DDDBA07D7A404D59B66EDFFC /* Barlow-Thin.ttf */,
				4243294F755B4FECB26696FA /* Barlow-ThinItalic.ttf */,
				1E9D2E5607A5496BA57E1AE2 /* Barlow-Black.ttf */,
				26EB9775F36444518F2A1EB8 /* Barlow-BlackItalic.ttf */,
				73CED430C4004C71B8684768 /* Barlow-Bold.ttf */,
				E8EBCE5E34714C96A9E0622A /* Barlow-BoldItalic.ttf */,
				6A6B9ADE69034FA595F3C11C /* Barlow-ExtraBold.ttf */,
				B48179459F47452DB94AB48E /* Barlow-ExtraBoldItalic.ttf */,
				3179E929F2454A8F8AED6715 /* Barlow-ExtraLight.ttf */,
				D8B1ADD1E8CC4DEB8821EE94 /* Barlow-ExtraLightItalic.ttf */,
				43215943738B431195C9DA26 /* Barlow-Italic.ttf */,
				B871D0EE3FCE49E69A6EB9CB /* Barlow-Light.ttf */,
				D4D17F124D724D57B986BC0B /* Barlow-LightItalic.ttf */,
				97AEECC8883C4894BB72DF34 /* Barlow-Medium.ttf */,
				7B2DB40AFE514791BE46CDFF /* Barlow-MediumItalic.ttf */,
				87D136BD041A449889997439 /* Barlow-Regular.ttf */,
				569B6BEB338846F6A8C3FDA9 /* Barlow-SemiBold.ttf */,
				1566F90CCC734735A50A6AEB /* Barlow-SemiBoldItalic.ttf */,
				C2B06332557544F3822EA603 /* Barlow-Thin.ttf */,
				96B9CE2598B84997896116E5 /* Barlow-ThinItalic.ttf */,
				6953CC59CE494D53A020E66D /* Rubik-Black.ttf */,
				96FD529B2A0F46BE8F34E616 /* Rubik-BlackItalic.ttf */,
				103D6EAA95E144EFB387B71C /* Rubik-Bold.ttf */,
				67430B9319FD4C4BAD4B3A9A /* Rubik-BoldItalic.ttf */,
				8361AAD04E86482DB853427B /* Rubik-ExtraBold.ttf */,
				41CDE4D95FF64C5C8F59874C /* Rubik-ExtraBoldItalic.ttf */,
				58C4FA8476414618959B0E84 /* Rubik-Italic.ttf */,
				B070468D141548ABB3E7281A /* Rubik-Light.ttf */,
				921BAEF6886D465B9CAA21B8 /* Rubik-LightItalic.ttf */,
				375E0A55870B4E83A23E9AD2 /* Rubik-Medium.ttf */,
				F1FD83E40E3C4931BD56472B /* Rubik-MediumItalic.ttf */,
				77B2EFBE5F0D475DB72289E4 /* Rubik-Regular.ttf */,
				77543464E8D44526B52252BA /* Rubik-SemiBold.ttf */,
				227A255CE2884362B49D75E8 /* Rubik-SemiBoldItalic.ttf */,
			);
			name = Resources;
			sourceTree = "<group>";
			path = "";
		};
/* End PBXGroup section */

/* Begin PBXNativeTarget section */
		00E356ED1AD99517003FC87E /* PantauCovid19Tests */ = {
			isa = PBXNativeTarget;
			buildConfigurationList = 00E357021AD99517003FC87E /* Build configuration list for PBXNativeTarget "PantauCovid19Tests" */;
			buildPhases = (
				00E356EA1AD99517003FC87E /* Sources */,
				00E356EB1AD99517003FC87E /* Frameworks */,
				00E356EC1AD99517003FC87E /* Resources */,
			);
			buildRules = (
			);
			dependencies = (
				00E356F51AD99517003FC87E /* PBXTargetDependency */,
			);
			name = PantauCovid19Tests;
			productName = PantauCovid19Tests;
			productReference = 00E356EE1AD99517003FC87E /* PantauCovid19Tests.xctest */;
			productType = "com.apple.product-type.bundle.unit-test";
		};
		13B07F861A680F5B00A75B9A /* PantauCovid19 */ = {
			isa = PBXNativeTarget;
			buildConfigurationList = 13B07F931A680F5B00A75B9A /* Build configuration list for PBXNativeTarget "PantauCovid19" */;
			buildPhases = (
				FD10A7F022414F080027D42C /* Start Packager */,
				13B07F871A680F5B00A75B9A /* Sources */,
				13B07F8C1A680F5B00A75B9A /* Frameworks */,
				13B07F8E1A680F5B00A75B9A /* Resources */,
				00DD1BFF1BD5951E006B06BC /* Bundle React Native code and images */,
			);
			buildRules = (
			);
			dependencies = (
			);
			name = PantauCovid19;
			productName = PantauCovid19;
			productReference = 13B07F961A680F5B00A75B9A /* PantauCovid19.app */;
			productType = "com.apple.product-type.application";
		};
/* End PBXNativeTarget section */

/* Begin PBXProject section */
		83CBB9F71A601CBA00E9B192 /* Project object */ = {
			isa = PBXProject;
			attributes = {
				LastUpgradeCheck = 1210;
				TargetAttributes = {
					00E356ED1AD99517003FC87E = {
						CreatedOnToolsVersion = 6.2;
						TestTargetID = 13B07F861A680F5B00A75B9A;
					};
					13B07F861A680F5B00A75B9A = {
						LastSwiftMigration = 1120;
					};
				};
			};
			buildConfigurationList = 83CBB9FA1A601CBA00E9B192 /* Build configuration list for PBXProject "PantauCovid19" */;
			compatibilityVersion = "Xcode 12.0";
			developmentRegion = en;
			hasScannedForEncodings = 0;
			knownRegions = (
				en,
				Base,
			);
			mainGroup = 83CBB9F61A601CBA00E9B192;
			productRefGroup = 83CBBA001A601CBA00E9B192 /* Products */;
			projectDirPath = "";
			projectRoot = "";
			targets = (
				13B07F861A680F5B00A75B9A /* PantauCovid19 */,
				00E356ED1AD99517003FC87E /* PantauCovid19Tests */,
			);
		};
/* End PBXProject section */

/* Begin PBXResourcesBuildPhase section */
		00E356EC1AD99517003FC87E /* Resources */ = {
			isa = PBXResourcesBuildPhase;
			buildActionMask = 2147483647;
			files = (
			);
			runOnlyForDeploymentPostprocessing = 0;
		};
		13B07F8E1A680F5B00A75B9A /* Resources */ = {
			isa = PBXResourcesBuildPhase;
			buildActionMask = 2147483647;
			files = (
				81AB9BB82411601600AC10FF /* LaunchScreen.storyboard in Resources */,
				13B07FBF1A68108700A75B9A /* Images.xcassets in Resources */,
				9A6453A4C3EF4CBA9A0B10AF /* AntDesign.ttf in Resources */,
				74F803EC34974E8FBDC5596F /* Entypo.ttf in Resources */,
				078F88FF1BDA4400ADEF64BD /* EvilIcons.ttf in Resources */,
				419B1D7AFAFD4094B9B74049 /* Feather.ttf in Resources */,
				ED28A3DC7C1644D294FB586E /* FontAwesome.ttf in Resources */,
				5999907A21E94D70B2A5E09B /* FontAwesome5_Brands.ttf in Resources */,
				CB5519882FB947BFADFEA3D9 /* FontAwesome5_Regular.ttf in Resources */,
				299F7A2D63E54349A43DDD6B /* FontAwesome5_Solid.ttf in Resources */,
				CFB63B713F964C44ADB49FEA /* Fontisto.ttf in Resources */,
				6634E06AF74642A7AF936283 /* Foundation.ttf in Resources */,
				280F01F90ED340B0AC538F95 /* Ionicons.ttf in Resources */,
				5F24840D0944423EA9F2F3E6 /* MaterialCommunityIcons.ttf in Resources */,
				E5A03BAC658C4B92B5F3CE0D /* MaterialIcons.ttf in Resources */,
				446ABA3717484DC681CB31A7 /* Octicons.ttf in Resources */,
				3B3666D990704505A3152523 /* SimpleLineIcons.ttf in Resources */,
				21D47558BAF24BA697290628 /* Zocial.ttf in Resources */,
				6D604253ABA04016BB7A1DDB /* Barlow-Black.ttf in Resources */,
				73FFEA5F37C341948B7ECC49 /* Barlow-BlackItalic.ttf in Resources */,
				DD0F985BDCE7461DB98EBDD9 /* Barlow-Bold.ttf in Resources */,
				284E6F979C264CBF976879E2 /* Barlow-BoldItalic.ttf in Resources */,
				B47DC313853547B69FB60996 /* Barlow-ExtraBold.ttf in Resources */,
				CC11953293B341308419D6B8 /* Barlow-ExtraBoldItalic.ttf in Resources */,
				BCE494458F5341479FD002C9 /* Barlow-ExtraLight.ttf in Resources */,
				407840C0A64944BAABFC6552 /* Barlow-ExtraLightItalic.ttf in Resources */,
				CFAB87543DE2430E8086F25F /* Barlow-Italic.ttf in Resources */,
				1522CCE3EC56462A8890ACB9 /* Barlow-Light.ttf in Resources */,
				F0AF27C5C5534EB7B7A1C030 /* Barlow-LightItalic.ttf in Resources */,
				E8EAD9EA6AA349CABD93BBD9 /* Barlow-Medium.ttf in Resources */,
				4CA5F79B980546C4B02BDA48 /* Barlow-MediumItalic.ttf in Resources */,
				908729681CD943958F08B9B2 /* Barlow-Regular.ttf in Resources */,
				C54A1968722A48E4AE35D11B /* Barlow-SemiBold.ttf in Resources */,
				DE2014E7A0424DB9BEE110E9 /* Barlow-SemiBoldItalic.ttf in Resources */,
				D95A98B8B9C64361BB30022E /* Barlow-Thin.ttf in Resources */,
				B43C526B7DCA4A30AEF6F0B4 /* Barlow-ThinItalic.ttf in Resources */,
				637803B42B2E40E3B2326664 /* Barlow-Black.ttf in Resources */,
				0A24FBFF76564B5EBC1FEACC /* Barlow-BlackItalic.ttf in Resources */,
				61E89CD812BE423E86FD4148 /* Barlow-Bold.ttf in Resources */,
				1A8382F37A5C4BB3AB23C149 /* Barlow-BoldItalic.ttf in Resources */,
				15264FA5E4B74293BD5EA849 /* Barlow-ExtraBold.ttf in Resources */,
				0441CB00FF3C4FE886E980C5 /* Barlow-ExtraBoldItalic.ttf in Resources */,
				B750C3A1799F43CA9CE980AC /* Barlow-ExtraLight.ttf in Resources */,
				CF20814439A94F6598B46110 /* Barlow-ExtraLightItalic.ttf in Resources */,
				5210052AB41D4F2FB14F7BF6 /* Barlow-Italic.ttf in Resources */,
				D302294D5AE3427F8C8292DB /* Barlow-Light.ttf in Resources */,
				1170748715124710B59CE99B /* Barlow-LightItalic.ttf in Resources */,
				691F74F0D7A445ADBC3C2511 /* Barlow-Medium.ttf in Resources */,
				203D3665366E49B99CDAB967 /* Barlow-MediumItalic.ttf in Resources */,
				9C0761CCB85D40BF8B9EB180 /* Barlow-Regular.ttf in Resources */,
				9E7A44562A304276AB9B2A92 /* Barlow-SemiBold.ttf in Resources */,
				B78288B7E28848A79645FB38 /* Barlow-SemiBoldItalic.ttf in Resources */,
				BB907325808546FEA52AC943 /* Barlow-Thin.ttf in Resources */,
				1B96F1FF2CC94CE0929E1A98 /* Barlow-ThinItalic.ttf in Resources */,
				4B56F208708B4C80BE4B8D88 /* Rubik-Black.ttf in Resources */,
				7A95FB8CC8404B2793D0339E /* Rubik-BlackItalic.ttf in Resources */,
				90EF2D717B3B406B8BB6D88D /* Rubik-Bold.ttf in Resources */,
				2BAD8C3F17554511957490DA /* Rubik-BoldItalic.ttf in Resources */,
				2086D508C7764D8DAC25004E /* Rubik-ExtraBold.ttf in Resources */,
				4BC40B756A8D4C3E8B2F9336 /* Rubik-ExtraBoldItalic.ttf in Resources */,
				70DB5ECB92E84440B3D37DE9 /* Rubik-Italic.ttf in Resources */,
				3EA0C037C32648F7851ECA94 /* Rubik-Light.ttf in Resources */,
				D2691C7E1D0B48479025E9FB /* Rubik-LightItalic.ttf in Resources */,
				A89C93B462874E26B8286D9B /* Rubik-Medium.ttf in Resources */,
				05EA58F59D0240A48EBBDB08 /* Rubik-MediumItalic.ttf in Resources */,
				19126CE85AF94B63AE899A4B /* Rubik-Regular.ttf in Resources */,
				06A5D4B978FF4B1FA9CCBCD2 /* Rubik-SemiBold.ttf in Resources */,
				43832834969C440E9A5882AA /* Rubik-SemiBoldItalic.ttf in Resources */,
			);
			runOnlyForDeploymentPostprocessing = 0;
		};
/* End PBXResourcesBuildPhase section */

/* Begin PBXShellScriptBuildPhase section */
		00DD1BFF1BD5951E006B06BC /* Bundle React Native code and images */ = {
			isa = PBXShellScriptBuildPhase;
			buildActionMask = 2147483647;
			files = (
			);
			inputPaths = (
			);
			name = "Bundle React Native code and images";
			outputPaths = (
			);
			runOnlyForDeploymentPostprocessing = 0;
			shellPath = /bin/sh;
			shellScript = "set -e\n\nexport NODE_BINARY=node\n../node_modules/react-native/scripts/react-native-xcode.sh\n";
		};
		FD10A7F022414F080027D42C /* Start Packager */ = {
			isa = PBXShellScriptBuildPhase;
			buildActionMask = 2147483647;
			files = (
			);
			inputFileListPaths = (
			);
			inputPaths = (
			);
			name = "Start Packager";
			outputFileListPaths = (
			);
			outputPaths = (
			);
			runOnlyForDeploymentPostprocessing = 0;
			shellPath = /bin/sh;
			shellScript = "export RCT_METRO_PORT=\"${RCT_METRO_PORT:=8081}\"\necho \"export RCT_METRO_PORT=${RCT_METRO_PORT}\" > \"${SRCROOT}/../node_modules/react-native/scripts/.packager.env\"\nif [ -z \"${RCT_NO_LAUNCH_PACKAGER+xxx}\" ] ; then\n  if nc -w 5 -z localhost ${RCT_METRO_PORT} ; then\n    if ! curl -s \"http://localhost:${RCT_METRO_PORT}/status\" | grep -q \"packager-status:running\" ; then\n      echo \"Port ${RCT_METRO_PORT} already in use, packager is either not running or not running correctly\"\n      exit 2\n    fi\n  else\n    open \"$SRCROOT/../node_modules/react-native/scripts/launchPackager.command\" || echo \"Can't start packager automatically\"\n  fi\nfi\n";
			showEnvVarsInLog = 0;
		};
/* End PBXShellScriptBuildPhase section */

/* Begin PBXSourcesBuildPhase section */
		00E356EA1AD99517003FC87E /* Sources */ = {
			isa = PBXSourcesBuildPhase;
			buildActionMask = 2147483647;
			files = (
				00E356F31AD99517003FC87E /* PantauCovid19Tests.m in Sources */,
			);
			runOnlyForDeploymentPostprocessing = 0;
		};
		13B07F871A680F5B00A75B9A /* Sources */ = {
			isa = PBXSourcesBuildPhase;
			buildActionMask = 2147483647;
			files = (
				13B07FBC1A68108700A75B9A /* AppDelegate.m in Sources */,
				13B07FC11A68108700A75B9A /* main.m in Sources */,
			);
			runOnlyForDeploymentPostprocessing = 0;
		};
/* End PBXSourcesBuildPhase section */

/* Begin PBXTargetDependency section */
		00E356F51AD99517003FC87E /* PBXTargetDependency */ = {
			isa = PBXTargetDependency;
			target = 13B07F861A680F5B00A75B9A /* PantauCovid19 */;
			targetProxy = 00E356F41AD99517003FC87E /* PBXContainerItemProxy */;
		};
/* End PBXTargetDependency section */

/* Begin XCBuildConfiguration section */
		00E356F61AD99517003FC87E /* Debug */ = {
			isa = XCBuildConfiguration;
			buildSettings = {
				BUNDLE_LOADER = "$(TEST_HOST)";
				GCC_PREPROCESSOR_DEFINITIONS = (
					"DEBUG=1",
					"$(inherited)",
				);
				INFOPLIST_FILE = PantauCovid19Tests/Info.plist;
				IPHONEOS_DEPLOYMENT_TARGET = 11.0;
				LD_RUNPATH_SEARCH_PATHS = (
					"$(inherited)",
					"@executable_path/Frameworks",
					"@loader_path/Frameworks",
				);
				OTHER_LDFLAGS = (
					"-ObjC",
					"-lc++",
					"$(inherited)",
				);
				PRODUCT_BUNDLE_IDENTIFIER = "org.reactjs.native.example.$(PRODUCT_NAME:rfc1034identifier)";
				PRODUCT_NAME = "$(TARGET_NAME)";
				TEST_HOST = "$(BUILT_PRODUCTS_DIR)/PantauCovid19.app/PantauCovid19";
			};
			name = Debug;
		};
		00E356F71AD99517003FC87E /* Release */ = {
			isa = XCBuildConfiguration;
			buildSettings = {
				BUNDLE_LOADER = "$(TEST_HOST)";
				COPY_PHASE_STRIP = NO;
				INFOPLIST_FILE = PantauCovid19Tests/Info.plist;
				IPHONEOS_DEPLOYMENT_TARGET = 11.0;
				LD_RUNPATH_SEARCH_PATHS = (
					"$(inherited)",
					"@executable_path/Frameworks",
					"@loader_path/Frameworks",
				);
				OTHER_LDFLAGS = (
					"-ObjC",
					"-lc++",
					"$(inherited)",
				);
				PRODUCT_BUNDLE_IDENTIFIER = "org.reactjs.native.example.$(PRODUCT_NAME:rfc1034identifier)";
				PRODUCT_NAME = "$(TARGET_NAME)";
				TEST_HOST = "$(BUILT_PRODUCTS_DIR)/PantauCovid19.app/PantauCovid19";
			};
			name = Release;
		};
		13B07F941A680F5B00A75B9A /* Debug */ = {
			isa = XCBuildConfiguration;
			buildSettings = {
				ASSETCATALOG_COMPILER_APPICON_NAME = AppIcon;
				CLANG_ENABLE_MODULES = YES;
				CURRENT_PROJECT_VERSION = 1;
				ENABLE_BITCODE = NO;
				INFOPLIST_FILE = PantauCovid19/Info.plist;
				LD_RUNPATH_SEARCH_PATHS = (
					"$(inherited)",
					"@executable_path/Frameworks",
				);
				OTHER_LDFLAGS = (
					"$(inherited)",
					"-ObjC",
					"-lc++",
				);
				PRODUCT_BUNDLE_IDENTIFIER = "org.reactjs.native.example.$(PRODUCT_NAME:rfc1034identifier)";
				PRODUCT_NAME = PantauCovid19;
				SWIFT_OPTIMIZATION_LEVEL = "-Onone";
				SWIFT_VERSION = 5.0;
				VERSIONING_SYSTEM = "apple-generic";
			};
			name = Debug;
		};
		13B07F951A680F5B00A75B9A /* Release */ = {
			isa = XCBuildConfiguration;
			buildSettings = {
				ASSETCATALOG_COMPILER_APPICON_NAME = AppIcon;
				CLANG_ENABLE_MODULES = YES;
				CURRENT_PROJECT_VERSION = 1;
				INFOPLIST_FILE = PantauCovid19/Info.plist;
				LD_RUNPATH_SEARCH_PATHS = (
					"$(inherited)",
					"@executable_path/Frameworks",
				);
				OTHER_LDFLAGS = (
					"$(inherited)",
					"-ObjC",
					"-lc++",
				);
				PRODUCT_BUNDLE_IDENTIFIER = "org.reactjs.native.example.$(PRODUCT_NAME:rfc1034identifier)";
				PRODUCT_NAME = PantauCovid19;
				SWIFT_VERSION = 5.0;
				VERSIONING_SYSTEM = "apple-generic";
			};
			name = Release;
		};
		83CBBA201A601CBA00E9B192 /* Debug */ = {
			isa = XCBuildConfiguration;
			buildSettings = {
				ALWAYS_SEARCH_USER_PATHS = NO;
				CLANG_ANALYZER_LOCALIZABILITY_NONLOCALIZED = YES;
				CLANG_CXX_LANGUAGE_STANDARD = "gnu++0x";
				CLANG_CXX_LIBRARY = "libc++";
				CLANG_ENABLE_MODULES = YES;
				CLANG_ENABLE_OBJC_ARC = YES;
				CLANG_WARN_BLOCK_CAPTURE_AUTORELEASING = YES;
				CLANG_WARN_BOOL_CONVERSION = YES;
				CLANG_WARN_COMMA = YES;
				CLANG_WARN_CONSTANT_CONVERSION = YES;
				CLANG_WARN_DEPRECATED_OBJC_IMPLEMENTATIONS = YES;
				CLANG_WARN_DIRECT_OBJC_ISA_USAGE = YES_ERROR;
				CLANG_WARN_EMPTY_BODY = YES;
				CLANG_WARN_ENUM_CONVERSION = YES;
				CLANG_WARN_INFINITE_RECURSION = YES;
				CLANG_WARN_INT_CONVERSION = YES;
				CLANG_WARN_NON_LITERAL_NULL_CONVERSION = YES;
				CLANG_WARN_OBJC_IMPLICIT_RETAIN_SELF = YES;
				CLANG_WARN_OBJC_LITERAL_CONVERSION = YES;
				CLANG_WARN_OBJC_ROOT_CLASS = YES_ERROR;
				CLANG_WARN_QUOTED_INCLUDE_IN_FRAMEWORK_HEADER = YES;
				CLANG_WARN_RANGE_LOOP_ANALYSIS = YES;
				CLANG_WARN_STRICT_PROTOTYPES = YES;
				CLANG_WARN_SUSPICIOUS_MOVE = YES;
				CLANG_WARN_UNREACHABLE_CODE = YES;
				CLANG_WARN__DUPLICATE_METHOD_MATCH = YES;
				"CODE_SIGN_IDENTITY[sdk=iphoneos*]" = "iPhone Developer";
				COPY_PHASE_STRIP = NO;
				ENABLE_STRICT_OBJC_MSGSEND = YES;
				ENABLE_TESTABILITY = YES;
				GCC_C_LANGUAGE_STANDARD = gnu99;
				GCC_DYNAMIC_NO_PIC = NO;
				GCC_NO_COMMON_BLOCKS = YES;
				GCC_OPTIMIZATION_LEVEL = 0;
				GCC_PREPROCESSOR_DEFINITIONS = (
					"DEBUG=1",
					"$(inherited)",
				);
				GCC_SYMBOLS_PRIVATE_EXTERN = NO;
				GCC_WARN_64_TO_32_BIT_CONVERSION = YES;
				GCC_WARN_ABOUT_RETURN_TYPE = YES_ERROR;
				GCC_WARN_UNDECLARED_SELECTOR = YES;
				GCC_WARN_UNINITIALIZED_AUTOS = YES_AGGRESSIVE;
				GCC_WARN_UNUSED_FUNCTION = YES;
				GCC_WARN_UNUSED_VARIABLE = YES;
				IPHONEOS_DEPLOYMENT_TARGET = 11.0;
				LD_RUNPATH_SEARCH_PATHS = (
					/usr/lib/swift,
					"$(inherited)",
				);
				LIBRARY_SEARCH_PATHS = (
					"\"$(TOOLCHAIN_DIR)/usr/lib/swift/$(PLATFORM_NAME)\"",
					"\"$(TOOLCHAIN_DIR)/usr/lib/swift-5.0/$(PLATFORM_NAME)\"",
					"\"$(inherited)\"",
				);
				MTL_ENABLE_DEBUG_INFO = YES;
				ONLY_ACTIVE_ARCH = YES;
				SDKROOT = iphoneos;
			};
			name = Debug;
		};
		83CBBA211A601CBA00E9B192 /* Release */ = {
			isa = XCBuildConfiguration;
			buildSettings = {
				ALWAYS_SEARCH_USER_PATHS = NO;
				CLANG_ANALYZER_LOCALIZABILITY_NONLOCALIZED = YES;
				CLANG_CXX_LANGUAGE_STANDARD = "gnu++0x";
				CLANG_CXX_LIBRARY = "libc++";
				CLANG_ENABLE_MODULES = YES;
				CLANG_ENABLE_OBJC_ARC = YES;
				CLANG_WARN_BLOCK_CAPTURE_AUTORELEASING = YES;
				CLANG_WARN_BOOL_CONVERSION = YES;
				CLANG_WARN_COMMA = YES;
				CLANG_WARN_CONSTANT_CONVERSION = YES;
				CLANG_WARN_DEPRECATED_OBJC_IMPLEMENTATIONS = YES;
				CLANG_WARN_DIRECT_OBJC_ISA_USAGE = YES_ERROR;
				CLANG_WARN_EMPTY_BODY = YES;
				CLANG_WARN_ENUM_CONVERSION = YES;
				CLANG_WARN_INFINITE_RECURSION = YES;
				CLANG_WARN_INT_CONVERSION = YES;
				CLANG_WARN_NON_LITERAL_NULL_CONVERSION = YES;
				CLANG_WARN_OBJC_IMPLICIT_RETAIN_SELF = YES;
				CLANG_WARN_OBJC_LITERAL_CONVERSION = YES;
				CLANG_WARN_OBJC_ROOT_CLASS = YES_ERROR;
				CLANG_WARN_QUOTED_INCLUDE_IN_FRAMEWORK_HEADER = YES;
				CLANG_WARN_RANGE_LOOP_ANALYSIS = YES;
				CLANG_WARN_STRICT_PROTOTYPES = YES;
				CLANG_WARN_SUSPICIOUS_MOVE = YES;
				CLANG_WARN_UNREACHABLE_CODE = YES;
				CLANG_WARN__DUPLICATE_METHOD_MATCH = YES;
				"CODE_SIGN_IDENTITY[sdk=iphoneos*]" = "iPhone Developer";
				COPY_PHASE_STRIP = YES;
				ENABLE_NS_ASSERTIONS = NO;
				ENABLE_STRICT_OBJC_MSGSEND = YES;
				GCC_C_LANGUAGE_STANDARD = gnu99;
				GCC_NO_COMMON_BLOCKS = YES;
				GCC_WARN_64_TO_32_BIT_CONVERSION = YES;
				GCC_WARN_ABOUT_RETURN_TYPE = YES_ERROR;
				GCC_WARN_UNDECLARED_SELECTOR = YES;
				GCC_WARN_UNINITIALIZED_AUTOS = YES_AGGRESSIVE;
				GCC_WARN_UNUSED_FUNCTION = YES;
				GCC_WARN_UNUSED_VARIABLE = YES;
				IPHONEOS_DEPLOYMENT_TARGET = 11.0;
				LD_RUNPATH_SEARCH_PATHS = (
					/usr/lib/swift,
					"$(inherited)",
				);
				LIBRARY_SEARCH_PATHS = (
					"\"$(TOOLCHAIN_DIR)/usr/lib/swift/$(PLATFORM_NAME)\"",
					"\"$(TOOLCHAIN_DIR)/usr/lib/swift-5.0/$(PLATFORM_NAME)\"",
					"\"$(inherited)\"",
				);
				MTL_ENABLE_DEBUG_INFO = NO;
				SDKROOT = iphoneos;
				VALIDATE_PRODUCT = YES;
			};
			name = Release;
		};
/* End XCBuildConfiguration section */

/* Begin XCConfigurationList section */
		00E357021AD99517003FC87E /* Build configuration list for PBXNativeTarget "PantauCovid19Tests" */ = {
			isa = XCConfigurationList;
			buildConfigurations = (
				00E356F61AD99517003FC87E /* Debug */,
				00E356F71AD99517003FC87E /* Release */,
			);
			defaultConfigurationIsVisible = 0;
			defaultConfigurationName = Release;
		};
		13B07F931A680F5B00A75B9A /* Build configuration list for PBXNativeTarget "PantauCovid19" */ = {
			isa = XCConfigurationList;
			buildConfigurations = (
				13B07F941A680F5B00A75B9A /* Debug */,
				13B07F951A680F5B00A75B9A /* Release */,
			);
			defaultConfigurationIsVisible = 0;
			defaultConfigurationName = Release;
		};
		83CBB9FA1A601CBA00E9B192 /* Build configuration list for PBXProject "PantauCovid19" */ = {
			isa = XCConfigurationList;
			buildConfigurations = (
				83CBBA201A601CBA00E9B192 /* Debug */,
				83CBBA211A601CBA00E9B192 /* Release */,
			);
			defaultConfigurationIsVisible = 0;
			defaultConfigurationName = Release;
		};
/* End XCConfigurationList section */
	};
	rootObject = 83CBB9F71A601CBA00E9B192 /* Project object */;
}
